// !$*UTF8*$!
{
	archiveVersion = 1;
	classes = {
	};
	objectVersion = 46;
	objects = {

/* Begin PBXBuildFile section */
		28A0487E1F3233D90016BF13 /* AppDelegate.swift in Sources */ = {isa = PBXBuildFile; fileRef = 28A0487D1F3233D90016BF13 /* AppDelegate.swift */; };
		28A048831F3233D90016BF13 /* Main.storyboard in Resources */ = {isa = PBXBuildFile; fileRef = 28A048811F3233D90016BF13 /* Main.storyboard */; };
		28A048851F3233D90016BF13 /* Assets.xcassets in Resources */ = {isa = PBXBuildFile; fileRef = 28A048841F3233D90016BF13 /* Assets.xcassets */; };
		28A048881F3233D90016BF13 /* LaunchScreen.storyboard in Resources */ = {isa = PBXBuildFile; fileRef = 28A048861F3233D90016BF13 /* LaunchScreen.storyboard */; };
		28A048911F323FC00016BF13 /* Student.swift in Sources */ = {isa = PBXBuildFile; fileRef = 28A048901F323FC00016BF13 /* Student.swift */; };
/* End PBXBuildFile section */

/* Begin PBXFileReference section */
		28A0487A1F3233D90016BF13 /* StudentPUT.app */ = {isa = PBXFileReference; explicitFileType = wrapper.application; includeInIndex = 0; path = StudentPUT.app; sourceTree = BUILT_PRODUCTS_DIR; };
		28A0487D1F3233D90016BF13 /* AppDelegate.swift */ = {isa = PBXFileReference; lastKnownFileType = sourcecode.swift; path = AppDelegate.swift; sourceTree = "<group>"; };
		28A048821F3233D90016BF13 /* Base */ = {isa = PBXFileReference; lastKnownFileType = file.storyboard; name = Base; path = Base.lproj/Main.storyboard; sourceTree = "<group>"; };
		28A048841F3233D90016BF13 /* Assets.xcassets */ = {isa = PBXFileReference; lastKnownFileType = folder.assetcatalog; path = Assets.xcassets; sourceTree = "<group>"; };
		28A048871F3233D90016BF13 /* Base */ = {isa = PBXFileReference; lastKnownFileType = file.storyboard; name = Base; path = Base.lproj/LaunchScreen.storyboard; sourceTree = "<group>"; };
		28A048891F3233D90016BF13 /* Info.plist */ = {isa = PBXFileReference; lastKnownFileType = text.plist.xml; path = Info.plist; sourceTree = "<group>"; };
		28A048901F323FC00016BF13 /* Student.swift */ = {isa = PBXFileReference; fileEncoding = 4; lastKnownFileType = sourcecode.swift; path = Student.swift; sourceTree = "<group>"; };
/* End PBXFileReference section */

/* Begin PBXFrameworksBuildPhase section */
		28A048771F3233D90016BF13 /* Frameworks */ = {
			isa = PBXFrameworksBuildPhase;
			buildActionMask = 2147483647;
			files = (
			);
			runOnlyForDeploymentPostprocessing = 0;
		};
/* End PBXFrameworksBuildPhase section */

/* Begin PBXGroup section */
		28A048711F3233D90016BF13 = {
			isa = PBXGroup;
			children = (
				28A0487C1F3233D90016BF13 /* StudentPUT */,
				28A0487B1F3233D90016BF13 /* Products */,
			);
			sourceTree = "<group>";
		};
		28A0487B1F3233D90016BF13 /* Products */ = {
			isa = PBXGroup;
			children = (
				28A0487A1F3233D90016BF13 /* StudentPUT.app */,
			);
			name = Products;
			sourceTree = "<group>";
		};
		28A0487C1F3233D90016BF13 /* StudentPUT */ = {
			isa = PBXGroup;
			children = (
				28A0487D1F3233D90016BF13 /* AppDelegate.swift */,
				28A048921F323FC40016BF13 /* Models */,
				28A048941F3243190016BF13 /* Model Controllers */,
				28A048931F3243120016BF13 /* UI */,
				28A0488F1F3235E90016BF13 /* Resources */,
			);
			path = StudentPUT;
			sourceTree = "<group>";
		};
		28A0488F1F3235E90016BF13 /* Resources */ = {
			isa = PBXGroup;
			children = (
				28A048841F3233D90016BF13 /* Assets.xcassets */,
				28A048861F3233D90016BF13 /* LaunchScreen.storyboard */,
				28A048891F3233D90016BF13 /* Info.plist */,
			);
			name = Resources;
			sourceTree = "<group>";
		};
		28A048921F323FC40016BF13 /* Models */ = {
			isa = PBXGroup;
			children = (
				28A048901F323FC00016BF13 /* Student.swift */,
			);
			name = Models;
			sourceTree = "<group>";
		};
		28A048931F3243120016BF13 /* UI */ = {
			isa = PBXGroup;
			children = (
				28A048811F3233D90016BF13 /* Main.storyboard */,
			);
			name = UI;
			sourceTree = "<group>";
		};
		28A048941F3243190016BF13 /* Model Controllers */ = {
			isa = PBXGroup;
			children = (
			);
			name = "Model Controllers";
			sourceTree = "<group>";
		};
/* End PBXGroup section */

/* Begin PBXNativeTarget section */
		28A048791F3233D90016BF13 /* StudentPUT */ = {
			isa = PBXNativeTarget;
			buildConfigurationList = 28A0488C1F3233D90016BF13 /* Build configuration list for PBXNativeTarget "StudentPUT" */;
			buildPhases = (
				28A048761F3233D90016BF13 /* Sources */,
				28A048771F3233D90016BF13 /* Frameworks */,
				28A048781F3233D90016BF13 /* Resources */,
			);
			buildRules = (
			);
			dependencies = (
			);
			name = StudentPUT;
			productName = StudentPUT;
			productReference = 28A0487A1F3233D90016BF13 /* StudentPUT.app */;
			productType = "com.apple.product-type.application";
		};
/* End PBXNativeTarget section */

/* Begin PBXProject section */
		28A048721F3233D90016BF13 /* Project object */ = {
			isa = PBXProject;
			attributes = {
				LastSwiftUpdateCheck = 0830;
				LastUpgradeCheck = 0830;
				ORGANIZATIONNAME = "Britton Baird";
				TargetAttributes = {
					28A048791F3233D90016BF13 = {
						CreatedOnToolsVersion = 8.3.3;
						ProvisioningStyle = Automatic;
					};
				};
			};
			buildConfigurationList = 28A048751F3233D90016BF13 /* Build configuration list for PBXProject "StudentPUT" */;
			compatibilityVersion = "Xcode 3.2";
			developmentRegion = English;
			hasScannedForEncodings = 0;
			knownRegions = (
				en,
				Base,
			);
			mainGroup = 28A048711F3233D90016BF13;
			productRefGroup = 28A0487B1F3233D90016BF13 /* Products */;
			projectDirPath = "";
			projectRoot = "";
			targets = (
				28A048791F3233D90016BF13 /* StudentPUT */,
			);
		};
/* End PBXProject section */

/* Begin PBXResourcesBuildPhase section */
		28A048781F3233D90016BF13 /* Resources */ = {
			isa = PBXResourcesBuildPhase;
			buildActionMask = 2147483647;
			files = (
				28A048881F3233D90016BF13 /* LaunchScreen.storyboard in Resources */,
				28A048851F3233D90016BF13 /* Assets.xcassets in Resources */,
				28A048831F3233D90016BF13 /* Main.storyboard in Resources */,
			);
			runOnlyForDeploymentPostprocessing = 0;
		};
/* End PBXResourcesBuildPhase section */

/* Begin PBXSourcesBuildPhase section */
		28A048761F3233D90016BF13 /* Sources */ = {
			isa = PBXSourcesBuildPhase;
			buildActionMask = 2147483647;
			files = (
				28A0487E1F3233D90016BF13 /* AppDelegate.swift in Sources */,
				28A048911F323FC00016BF13 /* Student.swift in Sources */,
			);
			runOnlyForDeploymentPostprocessing = 0;
		};
/* End PBXSourcesBuildPhase section */

/* Begin PBXVariantGroup section */
		28A048811F3233D90016BF13 /* Main.storyboard */ = {
			isa = PBXVariantGroup;
			children = (
				28A048821F3233D90016BF13 /* Base */,
			);
			name = Main.storyboard;
			sourceTree = "<group>";
		};
		28A048861F3233D90016BF13 /* LaunchScreen.storyboard */ = {
			isa = PBXVariantGroup;
			children = (
				28A048871F3233D90016BF13 /* Base */,
			);
			name = LaunchScreen.storyboard;
			sourceTree = "<group>";
		};
/* End PBXVariantGroup section */

/* Begin XCBuildConfiguration section */
		28A0488A1F3233D90016BF13 /* Debug */ = {
			isa = XCBuildConfiguration;
			buildSettings = {
				ALWAYS_SEARCH_USER_PATHS = NO;
				CLANG_ANALYZER_NONNULL = YES;
				CLANG_ANALYZER_NUMBER_OBJECT_CONVERSION = YES_AGGRESSIVE;
				CLANG_CXX_LANGUAGE_STANDARD = "gnu++0x";
				CLANG_CXX_LIBRARY = "libc++";
				CLANG_ENABLE_MODULES = YES;
				CLANG_ENABLE_OBJC_ARC = YES;
				CLANG_WARN_BOOL_CONVERSION = YES;
				CLANG_WARN_CONSTANT_CONVERSION = YES;
				CLANG_WARN_DIRECT_OBJC_ISA_USAGE = YES_ERROR;
				CLANG_WARN_DOCUMENTATION_COMMENTS = YES;
				CLANG_WARN_EMPTY_BODY = YES;
				CLANG_WARN_ENUM_CONVERSION = YES;
				CLANG_WARN_INFINITE_RECURSION = YES;
				CLANG_WARN_INT_CONVERSION = YES;
				CLANG_WARN_OBJC_ROOT_CLASS = YES_ERROR;
				CLANG_WARN_SUSPICIOUS_MOVE = YES;
				CLANG_WARN_UNREACHABLE_CODE = YES;
				CLANG_WARN__DUPLICATE_METHOD_MATCH = YES;
				"CODE_SIGN_IDENTITY[sdk=iphoneos*]" = "iPhone Developer";
				COPY_PHASE_STRIP = NO;
				DEBUG_INFORMATION_FORMAT = dwarf;
				ENABLE_STRICT_OBJC_MSGSEND = YES;
				ENABLE_TESTABILITY = YES;
				GCC_C_LANGUAGE_STANDARD = gnu99;
				GCC_DYNAMIC_NO_PIC = NO;
				GCC_NO_COMMON_BLOCKS = YES;
				GCC_OPTIMIZATION_LEVEL = 0;
				GCC_PREPROCESSOR_DEFINITIONS = (
					"DEBUG=1",
					"$(inherited)",
				);
				GCC_WARN_64_TO_32_BIT_CONVERSION = YES;
				GCC_WARN_ABOUT_RETURN_TYPE = YES_ERROR;
				GCC_WARN_UNDECLARED_SELECTOR = YES;
				GCC_WARN_UNINITIALIZED_AUTOS = YES_AGGRESSIVE;
				GCC_WARN_UNUSED_FUNCTION = YES;
				GCC_WARN_UNUSED_VARIABLE = YES;
				IPHONEOS_DEPLOYMENT_TARGET = 10.3;
				MTL_ENABLE_DEBUG_INFO = YES;
				ONLY_ACTIVE_ARCH = YES;
				SDKROOT = iphoneos;
				SWIFT_ACTIVE_COMPILATION_CONDITIONS = DEBUG;
				SWIFT_OPTIMIZATION_LEVEL = "-Onone";
				TARGETED_DEVICE_FAMILY = "1,2";
			};
			name = Debug;
		};
		28A0488B1F3233D90016BF13 /* Release */ = {
			isa = XCBuildConfiguration;
			buildSettings = {
				ALWAYS_SEARCH_USER_PATHS = NO;
				CLANG_ANALYZER_NONNULL = YES;
				CLANG_ANALYZER_NUMBER_OBJECT_CONVERSION = YES_AGGRESSIVE;
				CLANG_CXX_LANGUAGE_STANDARD = "gnu++0x";
				CLANG_CXX_LIBRARY = "libc++";
				CLANG_ENABLE_MODULES = YES;
				CLANG_ENABLE_OBJC_ARC = YES;
				CLANG_WARN_BOOL_CONVERSION = YES;
				CLANG_WARN_CONSTANT_CONVERSION = YES;
				CLANG_WARN_DIRECT_OBJC_ISA_USAGE = YES_ERROR;
				CLANG_WARN_DOCUMENTATION_COMMENTS = YES;
				CLANG_WARN_EMPTY_BODY = YES;
				CLANG_WARN_ENUM_CONVERSION = YES;
				CLANG_WARN_INFINITE_RECURSION = YES;
				CLANG_WARN_INT_CONVERSION = YES;
				CLANG_WARN_OBJC_ROOT_CLASS = YES_ERROR;
				CLANG_WARN_SUSPICIOUS_MOVE = YES;
				CLANG_WARN_UNREACHABLE_CODE = YES;
				CLANG_WARN__DUPLICATE_METHOD_MATCH = YES;
				"CODE_SIGN_IDENTITY[sdk=iphoneos*]" = "iPhone Developer";
				COPY_PHASE_STRIP = NO;
				DEBUG_INFORMATION_FORMAT = "dwarf-with-dsym";
				ENABLE_NS_ASSERTIONS = NO;
				ENABLE_STRICT_OBJC_MSGSEND = YES;
				GCC_C_LANGUAGE_STANDARD = gnu99;
				GCC_NO_COMMON_BLOCKS = YES;
				GCC_WARN_64_TO_32_BIT_CONVERSION = YES;
				GCC_WARN_ABOUT_RETURN_TYPE = YES_ERROR;
				GCC_WARN_UNDECLARED_SELECTOR = YES;
				GCC_WARN_UNINITIALIZED_AUTOS = YES_AGGRESSIVE;
				GCC_WARN_UNUSED_FUNCTION = YES;
				GCC_WARN_UNUSED_VARIABLE = YES;
				IPHONEOS_DEPLOYMENT_TARGET = 10.3;
				MTL_ENABLE_DEBUG_INFO = NO;
				SDKROOT = iphoneos;
				SWIFT_OPTIMIZATION_LEVEL = "-Owholemodule";
				TARGETED_DEVICE_FAMILY = "1,2";
				VALIDATE_PRODUCT = YES;
			};
			name = Release;
		};
		28A0488D1F3233D90016BF13 /* Debug */ = {
			isa = XCBuildConfiguration;
			buildSettings = {
				ASSETCATALOG_COMPILER_APPICON_NAME = AppIcon;
				INFOPLIST_FILE = StudentPUT/Info.plist;
				LD_RUNPATH_SEARCH_PATHS = "$(inherited) @executable_path/Frameworks";
				PRODUCT_BUNDLE_IDENTIFIER = com.example.StudentPUT;
				PRODUCT_NAME = "$(TARGET_NAME)";
				SWIFT_VERSION = 3.0;
			};
			name = Debug;
		};
		28A0488E1F3233D90016BF13 /* Release */ = {
			isa = XCBuildConfiguration;
			buildSettings = {
				ASSETCATALOG_COMPILER_APPICON_NAME = AppIcon;
				INFOPLIST_FILE = StudentPUT/Info.plist;
				LD_RUNPATH_SEARCH_PATHS = "$(inherited) @executable_path/Frameworks";
				PRODUCT_BUNDLE_IDENTIFIER = com.example.StudentPUT;
				PRODUCT_NAME = "$(TARGET_NAME)";
				SWIFT_VERSION = 3.0;
			};
			name = Release;
		};
/* End XCBuildConfiguration section */

/* Begin XCConfigurationList section */
		28A048751F3233D90016BF13 /* Build configuration list for PBXProject "StudentPUT" */ = {
			isa = XCConfigurationList;
			buildConfigurations = (
				28A0488A1F3233D90016BF13 /* Debug */,
				28A0488B1F3233D90016BF13 /* Release */,
			);
			defaultConfigurationIsVisible = 0;
			defaultConfigurationName = Release;
		};
		28A0488C1F3233D90016BF13 /* Build configuration list for PBXNativeTarget "StudentPUT" */ = {
			isa = XCConfigurationList;
			buildConfigurations = (
				28A0488D1F3233D90016BF13 /* Debug */,
				28A0488E1F3233D90016BF13 /* Release */,
			);
			defaultConfigurationIsVisible = 0;
			defaultConfigurationName = Release;
		};
/* End XCConfigurationList section */
	};
	rootObject = 28A048721F3233D90016BF13 /* Project object */;
}
